// !$*UTF8*$!
{
	archiveVersion = 1;
	classes = {
	};
	objectVersion = 50;
	objects = {

/* Begin PBXBuildFile section */
		EE6539C0213AF11400E971C8 /* AppDelegate.swift in Sources */ = {isa = PBXBuildFile; fileRef = EE6539BF213AF11400E971C8 /* AppDelegate.swift */; };
		EE6539C2213AF11400E971C8 /* ViewController.swift in Sources */ = {isa = PBXBuildFile; fileRef = EE6539C1213AF11400E971C8 /* ViewController.swift */; };
		EE6539C5213AF11400E971C8 /* Main.storyboard in Resources */ = {isa = PBXBuildFile; fileRef = EE6539C3213AF11400E971C8 /* Main.storyboard */; };
		EE6539C7213AF11500E971C8 /* Assets.xcassets in Resources */ = {isa = PBXBuildFile; fileRef = EE6539C6213AF11500E971C8 /* Assets.xcassets */; };
		EE6539CA213AF11500E971C8 /* LaunchScreen.storyboard in Resources */ = {isa = PBXBuildFile; fileRef = EE6539C8213AF11500E971C8 /* LaunchScreen.storyboard */; };
		EED8C765213AF6C400CBF90A /* MovieStructTests.swift in Sources */ = {isa = PBXBuildFile; fileRef = EED8C764213AF6C400CBF90A /* MovieStructTests.swift */; };
		EED8C767213AF8A100CBF90A /* Movie.swift in Sources */ = {isa = PBXBuildFile; fileRef = EED8C766213AF8A100CBF90A /* Movie.swift */; };
		EED8C76F213B064F00CBF90A /* MovieManagerTests.swift in Sources */ = {isa = PBXBuildFile; fileRef = EED8C76E213B064F00CBF90A /* MovieManagerTests.swift */; };
		EED8C771213B06DE00CBF90A /* MovieManager.swift in Sources */ = {isa = PBXBuildFile; fileRef = EED8C770213B06DE00CBF90A /* MovieManager.swift */; };
/* End PBXBuildFile section */

/* Begin PBXContainerItemProxy section */
		EE6539D1213AF11500E971C8 /* PBXContainerItemProxy */ = {
			isa = PBXContainerItemProxy;
			containerPortal = EE6539B4213AF11400E971C8 /* Project object */;
			proxyType = 1;
			remoteGlobalIDString = EE6539BB213AF11400E971C8;
			remoteInfo = FilmFest;
		};
/* End PBXContainerItemProxy section */

/* Begin PBXFileReference section */
		EE6539BC213AF11400E971C8 /* FilmFest.app */ = {isa = PBXFileReference; explicitFileType = wrapper.application; includeInIndex = 0; path = FilmFest.app; sourceTree = BUILT_PRODUCTS_DIR; };
		EE6539BF213AF11400E971C8 /* AppDelegate.swift */ = {isa = PBXFileReference; lastKnownFileType = sourcecode.swift; path = AppDelegate.swift; sourceTree = "<group>"; };
		EE6539C1213AF11400E971C8 /* ViewController.swift */ = {isa = PBXFileReference; lastKnownFileType = sourcecode.swift; path = ViewController.swift; sourceTree = "<group>"; };
		EE6539C4213AF11400E971C8 /* Base */ = {isa = PBXFileReference; lastKnownFileType = file.storyboard; name = Base; path = Base.lproj/Main.storyboard; sourceTree = "<group>"; };
		EE6539C6213AF11500E971C8 /* Assets.xcassets */ = {isa = PBXFileReference; lastKnownFileType = folder.assetcatalog; path = Assets.xcassets; sourceTree = "<group>"; };
		EE6539C9213AF11500E971C8 /* Base */ = {isa = PBXFileReference; lastKnownFileType = file.storyboard; name = Base; path = Base.lproj/LaunchScreen.storyboard; sourceTree = "<group>"; };
		EE6539CB213AF11500E971C8 /* Info.plist */ = {isa = PBXFileReference; lastKnownFileType = text.plist.xml; path = Info.plist; sourceTree = "<group>"; };
		EE6539D0213AF11500E971C8 /* FilmFestTests.xctest */ = {isa = PBXFileReference; explicitFileType = wrapper.cfbundle; includeInIndex = 0; path = FilmFestTests.xctest; sourceTree = BUILT_PRODUCTS_DIR; };
		EE6539D6213AF11600E971C8 /* Info.plist */ = {isa = PBXFileReference; lastKnownFileType = text.plist.xml; path = Info.plist; sourceTree = "<group>"; };
		EED8C764213AF6C400CBF90A /* MovieStructTests.swift */ = {isa = PBXFileReference; lastKnownFileType = sourcecode.swift; path = MovieStructTests.swift; sourceTree = "<group>"; };
		EED8C766213AF8A100CBF90A /* Movie.swift */ = {isa = PBXFileReference; lastKnownFileType = sourcecode.swift; path = Movie.swift; sourceTree = "<group>"; };
		EED8C76E213B064F00CBF90A /* MovieManagerTests.swift */ = {isa = PBXFileReference; lastKnownFileType = sourcecode.swift; path = MovieManagerTests.swift; sourceTree = "<group>"; };
		EED8C770213B06DE00CBF90A /* MovieManager.swift */ = {isa = PBXFileReference; lastKnownFileType = sourcecode.swift; path = MovieManager.swift; sourceTree = "<group>"; };
/* End PBXFileReference section */

/* Begin PBXFrameworksBuildPhase section */
		EE6539B9213AF11400E971C8 /* Frameworks */ = {
			isa = PBXFrameworksBuildPhase;
			buildActionMask = 2147483647;
			files = (
			);
			runOnlyForDeploymentPostprocessing = 0;
		};
		EE6539CD213AF11500E971C8 /* Frameworks */ = {
			isa = PBXFrameworksBuildPhase;
			buildActionMask = 2147483647;
			files = (
			);
			runOnlyForDeploymentPostprocessing = 0;
		};
/* End PBXFrameworksBuildPhase section */

/* Begin PBXGroup section */
		EE6539B3213AF11400E971C8 = {
			isa = PBXGroup;
			children = (
				EE6539BE213AF11400E971C8 /* FilmFest */,
				EE6539D3213AF11600E971C8 /* FilmFestTests */,
				EE6539BD213AF11400E971C8 /* Products */,
			);
			sourceTree = "<group>";
		};
		EE6539BD213AF11400E971C8 /* Products */ = {
			isa = PBXGroup;
			children = (
				EE6539BC213AF11400E971C8 /* FilmFest.app */,
				EE6539D0213AF11500E971C8 /* FilmFestTests.xctest */,
			);
			name = Products;
			sourceTree = "<group>";
		};
		EE6539BE213AF11400E971C8 /* FilmFest */ = {
			isa = PBXGroup;
			children = (
				EED8C769213AFBAC00CBF90A /* Models */,
				EED8C768213AFBA700CBF90A /* Controllers */,
				EE6539BF213AF11400E971C8 /* AppDelegate.swift */,
				EE6539C3213AF11400E971C8 /* Main.storyboard */,
				EE6539C6213AF11500E971C8 /* Assets.xcassets */,
				EE6539C8213AF11500E971C8 /* LaunchScreen.storyboard */,
				EE6539CB213AF11500E971C8 /* Info.plist */,
			);
			path = FilmFest;
			sourceTree = "<group>";
		};
		EE6539D3213AF11600E971C8 /* FilmFestTests */ = {
			isa = PBXGroup;
			children = (
				EED8C76B213AFBC400CBF90A /* Test Models */,
				EED8C76A213AFBBD00CBF90A /* Test Controllers */,
				EE6539D6213AF11600E971C8 /* Info.plist */,
			);
			path = FilmFestTests;
			sourceTree = "<group>";
		};
		EED8C768213AFBA700CBF90A /* Controllers */ = {
			isa = PBXGroup;
			children = (
				EE6539C1213AF11400E971C8 /* ViewController.swift */,
			);
			path = Controllers;
			sourceTree = "<group>";
		};
		EED8C769213AFBAC00CBF90A /* Models */ = {
			isa = PBXGroup;
			children = (
				EED8C766213AF8A100CBF90A /* Movie.swift */,
				EED8C770213B06DE00CBF90A /* MovieManager.swift */,
			);
			path = Models;
			sourceTree = "<group>";
		};
		EED8C76A213AFBBD00CBF90A /* Test Controllers */ = {
			isa = PBXGroup;
			children = (
			);
			path = "Test Controllers";
			sourceTree = "<group>";
		};
		EED8C76B213AFBC400CBF90A /* Test Models */ = {
			isa = PBXGroup;
			children = (
				EED8C764213AF6C400CBF90A /* MovieStructTests.swift */,
				EED8C76E213B064F00CBF90A /* MovieManagerTests.swift */,
			);
			path = "Test Models";
			sourceTree = "<group>";
		};
/* End PBXGroup section */

/* Begin PBXNativeTarget section */
		EE6539BB213AF11400E971C8 /* FilmFest */ = {
			isa = PBXNativeTarget;
			buildConfigurationList = EE6539D9213AF11600E971C8 /* Build configuration list for PBXNativeTarget "FilmFest" */;
			buildPhases = (
				EE6539B8213AF11400E971C8 /* Sources */,
				EE6539B9213AF11400E971C8 /* Frameworks */,
				EE6539BA213AF11400E971C8 /* Resources */,
			);
			buildRules = (
			);
			dependencies = (
			);
			name = FilmFest;
			productName = FilmFest;
			productReference = EE6539BC213AF11400E971C8 /* FilmFest.app */;
			productType = "com.apple.product-type.application";
		};
		EE6539CF213AF11500E971C8 /* FilmFestTests */ = {
			isa = PBXNativeTarget;
			buildConfigurationList = EE6539DC213AF11600E971C8 /* Build configuration list for PBXNativeTarget "FilmFestTests" */;
			buildPhases = (
				EE6539CC213AF11500E971C8 /* Sources */,
				EE6539CD213AF11500E971C8 /* Frameworks */,
				EE6539CE213AF11500E971C8 /* Resources */,
			);
			buildRules = (
			);
			dependencies = (
				EE6539D2213AF11500E971C8 /* PBXTargetDependency */,
			);
			name = FilmFestTests;
			productName = FilmFestTests;
			productReference = EE6539D0213AF11500E971C8 /* FilmFestTests.xctest */;
			productType = "com.apple.product-type.bundle.unit-test";
		};
/* End PBXNativeTarget section */

/* Begin PBXProject section */
		EE6539B4213AF11400E971C8 /* Project object */ = {
			isa = PBXProject;
			attributes = {
				LastSwiftUpdateCheck = 0940;
				LastUpgradeCheck = 0940;
				ORGANIZATIONNAME = Sigmadream;
				TargetAttributes = {
					EE6539BB213AF11400E971C8 = {
						CreatedOnToolsVersion = 9.4.1;
					};
					EE6539CF213AF11500E971C8 = {
						CreatedOnToolsVersion = 9.4.1;
						LastSwiftMigration = 0940;
						TestTargetID = EE6539BB213AF11400E971C8;
					};
				};
			};
			buildConfigurationList = EE6539B7213AF11400E971C8 /* Build configuration list for PBXProject "FilmFest" */;
			compatibilityVersion = "Xcode 9.3";
			developmentRegion = en;
			hasScannedForEncodings = 0;
			knownRegions = (
				en,
				Base,
			);
			mainGroup = EE6539B3213AF11400E971C8;
			productRefGroup = EE6539BD213AF11400E971C8 /* Products */;
			projectDirPath = "";
			projectRoot = "";
			targets = (
				EE6539BB213AF11400E971C8 /* FilmFest */,
				EE6539CF213AF11500E971C8 /* FilmFestTests */,
			);
		};
/* End PBXProject section */

/* Begin PBXResourcesBuildPhase section */
		EE6539BA213AF11400E971C8 /* Resources */ = {
			isa = PBXResourcesBuildPhase;
			buildActionMask = 2147483647;
			files = (
				EE6539CA213AF11500E971C8 /* LaunchScreen.storyboard in Resources */,
				EE6539C7213AF11500E971C8 /* Assets.xcassets in Resources */,
				EE6539C5213AF11400E971C8 /* Main.storyboard in Resources */,
			);
			runOnlyForDeploymentPostprocessing = 0;
		};
		EE6539CE213AF11500E971C8 /* Resources */ = {
			isa = PBXResourcesBuildPhase;
			buildActionMask = 2147483647;
			files = (
			);
			runOnlyForDeploymentPostprocessing = 0;
		};
/* End PBXResourcesBuildPhase section */

/* Begin PBXSourcesBuildPhase section */
		EE6539B8213AF11400E971C8 /* Sources */ = {
			isa = PBXSourcesBuildPhase;
			buildActionMask = 2147483647;
			files = (
				EED8C771213B06DE00CBF90A /* MovieManager.swift in Sources */,
				EE6539C2213AF11400E971C8 /* ViewController.swift in Sources */,
				EE6539C0213AF11400E971C8 /* AppDelegate.swift in Sources */,
				EED8C767213AF8A100CBF90A /* Movie.swift in Sources */,
			);
			runOnlyForDeploymentPostprocessing = 0;
		};
		EE6539CC213AF11500E971C8 /* Sources */ = {
			isa = PBXSourcesBuildPhase;
			buildActionMask = 2147483647;
			files = (
				EED8C76F213B064F00CBF90A /* MovieManagerTests.swift in Sources */,
				EED8C765213AF6C400CBF90A /* MovieStructTests.swift in Sources */,
			);
			runOnlyForDeploymentPostprocessing = 0;
		};
/* End PBXSourcesBuildPhase section */

/* Begin PBXTargetDependency section */
		EE6539D2213AF11500E971C8 /* PBXTargetDependency */ = {
			isa = PBXTargetDependency;
			target = EE6539BB213AF11400E971C8 /* FilmFest */;
			targetProxy = EE6539D1213AF11500E971C8 /* PBXContainerItemProxy */;
		};
/* End PBXTargetDependency section */

/* Begin PBXVariantGroup section */
		EE6539C3213AF11400E971C8 /* Main.storyboard */ = {
			isa = PBXVariantGroup;
			children = (
				EE6539C4213AF11400E971C8 /* Base */,
			);
			name = Main.storyboard;
			sourceTree = "<group>";
		};
		EE6539C8213AF11500E971C8 /* LaunchScreen.storyboard */ = {
			isa = PBXVariantGroup;
			children = (
				EE6539C9213AF11500E971C8 /* Base */,
			);
			name = LaunchScreen.storyboard;
			sourceTree = "<group>";
		};
/* End PBXVariantGroup section */

/* Begin XCBuildConfiguration section */
		EE6539D7213AF11600E971C8 /* Debug */ = {
			isa = XCBuildConfiguration;
			buildSettings = {
				ALWAYS_SEARCH_USER_PATHS = NO;
				CLANG_ANALYZER_NONNULL = YES;
				CLANG_ANALYZER_NUMBER_OBJECT_CONVERSION = YES_AGGRESSIVE;
				CLANG_CXX_LANGUAGE_STANDARD = "gnu++14";
				CLANG_CXX_LIBRARY = "libc++";
				CLANG_ENABLE_MODULES = YES;
				CLANG_ENABLE_OBJC_ARC = YES;
				CLANG_ENABLE_OBJC_WEAK = YES;
				CLANG_WARN_BLOCK_CAPTURE_AUTORELEASING = YES;
				CLANG_WARN_BOOL_CONVERSION = YES;
				CLANG_WARN_COMMA = YES;
				CLANG_WARN_CONSTANT_CONVERSION = YES;
				CLANG_WARN_DEPRECATED_OBJC_IMPLEMENTATIONS = YES;
				CLANG_WARN_DIRECT_OBJC_ISA_USAGE = YES_ERROR;
				CLANG_WARN_DOCUMENTATION_COMMENTS = YES;
				CLANG_WARN_EMPTY_BODY = YES;
				CLANG_WARN_ENUM_CONVERSION = YES;
				CLANG_WARN_INFINITE_RECURSION = YES;
				CLANG_WARN_INT_CONVERSION = YES;
				CLANG_WARN_NON_LITERAL_NULL_CONVERSION = YES;
				CLANG_WARN_OBJC_IMPLICIT_RETAIN_SELF = YES;
				CLANG_WARN_OBJC_LITERAL_CONVERSION = YES;
				CLANG_WARN_OBJC_ROOT_CLASS = YES_ERROR;
				CLANG_WARN_RANGE_LOOP_ANALYSIS = YES;
				CLANG_WARN_STRICT_PROTOTYPES = YES;
				CLANG_WARN_SUSPICIOUS_MOVE = YES;
				CLANG_WARN_UNGUARDED_AVAILABILITY = YES_AGGRESSIVE;
				CLANG_WARN_UNREACHABLE_CODE = YES;
				CLANG_WARN__DUPLICATE_METHOD_MATCH = YES;
				CODE_SIGN_IDENTITY = "iPhone Developer";
				COPY_PHASE_STRIP = NO;
				DEBUG_INFORMATION_FORMAT = dwarf;
				ENABLE_STRICT_OBJC_MSGSEND = YES;
				ENABLE_TESTABILITY = YES;
				GCC_C_LANGUAGE_STANDARD = gnu11;
				GCC_DYNAMIC_NO_PIC = NO;
				GCC_NO_COMMON_BLOCKS = YES;
				GCC_OPTIMIZATION_LEVEL = 0;
				GCC_PREPROCESSOR_DEFINITIONS = (
					"DEBUG=1",
					"$(inherited)",
				);
				GCC_WARN_64_TO_32_BIT_CONVERSION = YES;
				GCC_WARN_ABOUT_RETURN_TYPE = YES_ERROR;
				GCC_WARN_UNDECLARED_SELECTOR = YES;
				GCC_WARN_UNINITIALIZED_AUTOS = YES_AGGRESSIVE;
				GCC_WARN_UNUSED_FUNCTION = YES;
				GCC_WARN_UNUSED_VARIABLE = YES;
				IPHONEOS_DEPLOYMENT_TARGET = 11.4;
				MTL_ENABLE_DEBUG_INFO = YES;
				ONLY_ACTIVE_ARCH = YES;
				SDKROOT = iphoneos;
				SWIFT_ACTIVE_COMPILATION_CONDITIONS = DEBUG;
				SWIFT_OPTIMIZATION_LEVEL = "-Onone";
			};
			name = Debug;
		};
		EE6539D8213AF11600E971C8 /* Release */ = {
			isa = XCBuildConfiguration;
			buildSettings = {
				ALWAYS_SEARCH_USER_PATHS = NO;
				CLANG_ANALYZER_NONNULL = YES;
				CLANG_ANALYZER_NUMBER_OBJECT_CONVERSION = YES_AGGRESSIVE;
				CLANG_CXX_LANGUAGE_STANDARD = "gnu++14";
				CLANG_CXX_LIBRARY = "libc++";
				CLANG_ENABLE_MODULES = YES;
				CLANG_ENABLE_OBJC_ARC = YES;
				CLANG_ENABLE_OBJC_WEAK = YES;
				CLANG_WARN_BLOCK_CAPTURE_AUTORELEASING = YES;
				CLANG_WARN_BOOL_CONVERSION = YES;
				CLANG_WARN_COMMA = YES;
				CLANG_WARN_CONSTANT_CONVERSION = YES;
				CLANG_WARN_DEPRECATED_OBJC_IMPLEMENTATIONS = YES;
				CLANG_WARN_DIRECT_OBJC_ISA_USAGE = YES_ERROR;
				CLANG_WARN_DOCUMENTATION_COMMENTS = YES;
				CLANG_WARN_EMPTY_BODY = YES;
				CLANG_WARN_ENUM_CONVERSION = YES;
				CLANG_WARN_INFINITE_RECURSION = YES;
				CLANG_WARN_INT_CONVERSION = YES;
				CLANG_WARN_NON_LITERAL_NULL_CONVERSION = YES;
				CLANG_WARN_OBJC_IMPLICIT_RETAIN_SELF = YES;
				CLANG_WARN_OBJC_LITERAL_CONVERSION = YES;
				CLANG_WARN_OBJC_ROOT_CLASS = YES_ERROR;
				CLANG_WARN_RANGE_LOOP_ANALYSIS = YES;
				CLANG_WARN_STRICT_PROTOTYPES = YES;
				CLANG_WARN_SUSPICIOUS_MOVE = YES;
				CLANG_WARN_UNGUARDED_AVAILABILITY = YES_AGGRESSIVE;
				CLANG_WARN_UNREACHABLE_CODE = YES;
				CLANG_WARN__DUPLICATE_METHOD_MATCH = YES;
				CODE_SIGN_IDENTITY = "iPhone Developer";
				COPY_PHASE_STRIP = NO;
				DEBUG_INFORMATION_FORMAT = "dwarf-with-dsym";
				ENABLE_NS_ASSERTIONS = NO;
				ENABLE_STRICT_OBJC_MSGSEND = YES;
				GCC_C_LANGUAGE_STANDARD = gnu11;
				GCC_NO_COMMON_BLOCKS = YES;
				GCC_WARN_64_TO_32_BIT_CONVERSION = YES;
				GCC_WARN_ABOUT_RETURN_TYPE = YES_ERROR;
				GCC_WARN_UNDECLARED_SELECTOR = YES;
				GCC_WARN_UNINITIALIZED_AUTOS = YES_AGGRESSIVE;
				GCC_WARN_UNUSED_FUNCTION = YES;
				GCC_WARN_UNUSED_VARIABLE = YES;
				IPHONEOS_DEPLOYMENT_TARGET = 11.4;
				MTL_ENABLE_DEBUG_INFO = NO;
				SDKROOT = iphoneos;
				SWIFT_COMPILATION_MODE = wholemodule;
				SWIFT_OPTIMIZATION_LEVEL = "-O";
				VALIDATE_PRODUCT = YES;
			};
			name = Release;
		};
		EE6539DA213AF11600E971C8 /* Debug */ = {
			isa = XCBuildConfiguration;
			buildSettings = {
				ASSETCATALOG_COMPILER_APPICON_NAME = AppIcon;
				CODE_SIGN_STYLE = Automatic;
				DEVELOPMENT_TEAM = 8SK596U56V;
				INFOPLIST_FILE = FilmFest/Info.plist;
				LD_RUNPATH_SEARCH_PATHS = (
					"$(inherited)",
					"@executable_path/Frameworks",
				);
				PRODUCT_BUNDLE_IDENTIFIER = com.sangkon.FilmFest;
				PRODUCT_NAME = "$(TARGET_NAME)";
				SWIFT_VERSION = 4.0;
				TARGETED_DEVICE_FAMILY = "1,2";
			};
			name = Debug;
		};
		EE6539DB213AF11600E971C8 /* Release */ = {
			isa = XCBuildConfiguration;
			buildSettings = {
				ASSETCATALOG_COMPILER_APPICON_NAME = AppIcon;
				CODE_SIGN_STYLE = Automatic;
				DEVELOPMENT_TEAM = 8SK596U56V;
				INFOPLIST_FILE = FilmFest/Info.plist;
				LD_RUNPATH_SEARCH_PATHS = (
					"$(inherited)",
					"@executable_path/Frameworks",
				);
				PRODUCT_BUNDLE_IDENTIFIER = com.sangkon.FilmFest;
				PRODUCT_NAME = "$(TARGET_NAME)";
				SWIFT_VERSION = 4.0;
				TARGETED_DEVICE_FAMILY = "1,2";
			};
			name = Release;
		};
		EE6539DD213AF11600E971C8 /* Debug */ = {
			isa = XCBuildConfiguration;
			buildSettings = {
				ALWAYS_EMBED_SWIFT_STANDARD_LIBRARIES = YES;
				BUNDLE_LOADER = "$(TEST_HOST)";
				CLANG_ENABLE_MODULES = YES;
				CODE_SIGN_STYLE = Automatic;
				DEVELOPMENT_TEAM = 8SK596U56V;
				INFOPLIST_FILE = FilmFestTests/Info.plist;
				LD_RUNPATH_SEARCH_PATHS = (
					"$(inherited)",
					"@executable_path/Frameworks",
					"@loader_path/Frameworks",
				);
				PRODUCT_BUNDLE_IDENTIFIER = com.sangkon.FilmFestTests;
				PRODUCT_NAME = "$(TARGET_NAME)";
				SWIFT_OPTIMIZATION_LEVEL = "-Onone";
				SWIFT_VERSION = 4.0;
				TARGETED_DEVICE_FAMILY = "1,2";
				TEST_HOST = "$(BUILT_PRODUCTS_DIR)/FilmFest.app/FilmFest";
			};
			name = Debug;
		};
		EE6539DE213AF11600E971C8 /* Release */ = {
			isa = XCBuildConfiguration;
			buildSettings = {
				ALWAYS_EMBED_SWIFT_STANDARD_LIBRARIES = YES;
				BUNDLE_LOADER = "$(TEST_HOST)";
				CLANG_ENABLE_MODULES = YES;
				CODE_SIGN_STYLE = Automatic;
				DEVELOPMENT_TEAM = 8SK596U56V;
				INFOPLIST_FILE = FilmFestTests/Info.plist;
				LD_RUNPATH_SEARCH_PATHS = (
					"$(inherited)",
					"@executable_path/Frameworks",
					"@loader_path/Frameworks",
				);
				PRODUCT_BUNDLE_IDENTIFIER = com.sangkon.FilmFestTests;
				PRODUCT_NAME = "$(TARGET_NAME)";
				SWIFT_VERSION = 4.0;
				TARGETED_DEVICE_FAMILY = "1,2";
				TEST_HOST = "$(BUILT_PRODUCTS_DIR)/FilmFest.app/FilmFest";
			};
			name = Release;
		};
/* End XCBuildConfiguration section */

/* Begin XCConfigurationList section */
		EE6539B7213AF11400E971C8 /* Build configuration list for PBXProject "FilmFest" */ = {
			isa = XCConfigurationList;
			buildConfigurations = (
				EE6539D7213AF11600E971C8 /* Debug */,
				EE6539D8213AF11600E971C8 /* Release */,
			);
			defaultConfigurationIsVisible = 0;
			defaultConfigurationName = Release;
		};
		EE6539D9213AF11600E971C8 /* Build configuration list for PBXNativeTarget "FilmFest" */ = {
			isa = XCConfigurationList;
			buildConfigurations = (
				EE6539DA213AF11600E971C8 /* Debug */,
				EE6539DB213AF11600E971C8 /* Release */,
			);
			defaultConfigurationIsVisible = 0;
			defaultConfigurationName = Release;
		};
		EE6539DC213AF11600E971C8 /* Build configuration list for PBXNativeTarget "FilmFestTests" */ = {
			isa = XCConfigurationList;
			buildConfigurations = (
				EE6539DD213AF11600E971C8 /* Debug */,
				EE6539DE213AF11600E971C8 /* Release */,
			);
			defaultConfigurationIsVisible = 0;
			defaultConfigurationName = Release;
		};
/* End XCConfigurationList section */
	};
	rootObject = EE6539B4213AF11400E971C8 /* Project object */;
}
